<?xml version="1.0" encoding="utf-8"?>
<Project ToolsVersion="4.0" xmlns="http://schemas.microsoft.com/developer/msbuild/2003">
  <ItemGroup>
    <ClCompile Include="Sources\Cylinder.cpp">
      <Filter>Sources</Filter>
    </ClCompile>
    <ClCompile Include="Sources\Decoder.cpp">
      <Filter>Sources</Filter>
    </ClCompile>
    <ClCompile Include="Sources\Main.cpp">
      <Filter>Sources</Filter>
    </ClCompile>
    <ClCompile Include="Sources\Objects.cpp">
      <Filter>Sources</Filter>
    </ClCompile>
    <ClCompile Include="Sources\Sphere.cpp">
      <Filter>Sources</Filter>
    </ClCompile>
    <ClCompile Include="Sources\System.cpp">
      <Filter>Sources</Filter>
    </ClCompile>
    <ClCompile Include="Sources\tinyxml2.cpp">
      <Filter>Sources</Filter>
    </ClCompile>
    <ClCompile Include="Sources\Plane.cpp">
      <Filter>Sources</Filter>
    </ClCompile>
    <ClCompile Include="Sources\Light.cpp">
      <Filter>Sources</Filter>
    </ClCompile>
  </ItemGroup>
  <ItemGroup>
    <ClInclude Include="Headers\Cylinder.h">
      <Filter>Headers</Filter>
    </ClInclude>
    <ClInclude Include="Headers\Decoder.h">
      <Filter>Headers</Filter>
    </ClInclude>
    <ClInclude Include="Headers\Light.h">
      <Filter>Headers</Filter>
    </ClInclude>
    <ClInclude Include="Headers\Object.h">
      <Filter>Headers</Filter>
    </ClInclude>
    <ClInclude Include="Headers\Plane.h">
      <Filter>Headers</Filter>
    </ClInclude>
    <ClInclude Include="Headers\Sphere.h">
      <Filter>Headers</Filter>
    </ClInclude>
    <ClInclude Include="Headers\System.h">
      <Filter>Headers</Filter>
    </ClInclude>
    <ClInclude Include="Headers\tinyxml2.h">
      <Filter>Headers</Filter>
    </ClInclude>
  </ItemGroup>
  <ItemGroup>
    <Filter Include="Sources">
      <UniqueIdentifier>{9f9938c6-c2d0-423c-b974-081b4d2c5aee}</UniqueIdentifier>
    </Filter>
    <Filter Include="Resources">
      <UniqueIdentifier>{1543a07c-c51d-48ad-b985-054b0eb78080}</UniqueIdentifier>
    </Filter>
    <Filter Include="Headers">
      <UniqueIdentifier>{e2f1b471-eacd-450e-8196-2091c14b710b}</UniqueIdentifier>
    </Filter>
  </ItemGroup>
  <ItemGroup>
    <Xml Include="Ressources\Scene_01.xml">
      <Filter>Resources</Filter>
    </Xml>
  </ItemGroup>
</Project>